
Microsoft Visual Studio Solution File, Format Version 12.00
# Visual Studio Version 17
VisualStudioVersion = 17.6.33829.357
MinimumVisualStudioVersion = 10.0.40219.1
Project("{9A19103F-16F7-4668-BE54-9A1E7A4F7556}") = "Cronos", "Cronos\Cronos.csproj", "{CE2AA460-A175-4B6B-A382-6ECB117E8085}"
EndProject
Project("{2150E333-8FDC-42A3-9474-1A3956D46DE8}") = "Solution Items", "Solution Items", "{5CBE61EE-0AEA-4EAE-BDF8-FBB3F0168FE1}"
	ProjectSection(SolutionItems) = preProject
		.editorconfig = .editorconfig
	EndProjectSection
EndProject
Project("{9A19103F-16F7-4668-BE54-9A1E7A4F7556}") = "idclass", "idclass\idclass.csproj", "{8BF7357B-BFA1-4405-AF70-4AC1A325B978}"
EndProject
Project("{FAE04EC0-301F-11D3-BF4B-00C04F79EFBC}") = "Integração", "Integração\Integração.csproj", "{93DC6F5F-5752-491F-AD47-BAC19FB4A5AF}"
EndProject
Global
	GlobalSection(SolutionConfigurationPlatforms) = preSolution
		Debug|Any CPU = Debug|Any CPU
		Release|Any CPU = Release|Any CPU
	EndGlobalSection
	GlobalSection(ProjectConfigurationPlatforms) = postSolution
		{CE2AA460-A175-4B6B-A382-6ECB117E8085}.Debug|Any CPU.ActiveCfg = Debug|Any CPU
		{CE2AA460-A175-4B6B-A382-6ECB117E8085}.Debug|Any CPU.Build.0 = Debug|Any CPU
		{CE2AA460-A175-4B6B-A382-6ECB117E8085}.Release|Any CPU.ActiveCfg = Release|Any CPU
		{CE2AA460-A175-4B6B-A382-6ECB117E8085}.Release|Any CPU.Build.0 = Release|Any CPU
		{8BF7357B-BFA1-4405-AF70-4AC1A325B978}.Debug|Any CPU.ActiveCfg = Debug|Any CPU
		{8BF7357B-BFA1-4405-AF70-4AC1A325B978}.Debug|Any CPU.Build.0 = Debug|Any CPU
		{8BF7357B-BFA1-4405-AF70-4AC1A325B978}.Release|Any CPU.ActiveCfg = Release|Any CPU
		{8BF7357B-BFA1-4405-AF70-4AC1A325B978}.Release|Any CPU.Build.0 = Release|Any CPU
		{93DC6F5F-5752-491F-AD47-BAC19FB4A5AF}.Debug|Any CPU.ActiveCfg = Debug|Any CPU
		{93DC6F5F-5752-491F-AD47-BAC19FB4A5AF}.Debug|Any CPU.Build.0 = Debug|Any CPU
		{93DC6F5F-5752-491F-AD47-BAC19FB4A5AF}.Release|Any CPU.ActiveCfg = Release|Any CPU
		{93DC6F5F-5752-491F-AD47-BAC19FB4A5AF}.Release|Any CPU.Build.0 = Release|Any CPU
	EndGlobalSection
	GlobalSection(SolutionProperties) = preSolution
		HideSolutionNode = FALSE
	EndGlobalSection
	GlobalSection(ExtensibilityGlobals) = postSolution
		SolutionGuid = {CD1C6691-632A-4AFE-BC6D-109754E0752A}
	EndGlobalSection
EndGlobal
